
Microsoft Visual Studio Solution File, Format Version 12.00
# Visual Studio Version 16
VisualStudioVersion = 16.0.30907.101
MinimumVisualStudioVersion = 10.0.40219.1
Project("{FAE04EC0-301F-11D3-BF4B-00C04F79EFBC}") = "Console-Tetris-.Net", "Console-Tetris-.Net\Console-Tetris-.Net.csproj", "{1EA760CD-F187-4DF1-B274-CA85296DFB79}"
EndProject
Global
	GlobalSection(SolutionConfigurationPlatforms) = preSolution
		Debug|Any CPU = Debug|Any CPU
		Release|Any CPU = Release|Any CPU
	EndGlobalSection
	GlobalSection(ProjectConfigurationPlatforms) = postSolution
		{1EA760CD-F187-4DF1-B274-CA85296DFB79}.Debug|Any CPU.ActiveCfg = Debug|Any CPU
		{1EA760CD-F187-4DF1-B274-CA85296DFB79}.Debug|Any CPU.Build.0 = Debug|Any CPU
		{1EA760CD-F187-4DF1-B274-CA85296DFB79}.Release|Any CPU.ActiveCfg = Release|Any CPU
		{1EA760CD-F187-4DF1-B274-CA85296DFB79}.Release|Any CPU.Build.0 = Release|Any CPU
	EndGlobalSection
	GlobalSection(SolutionProperties) = preSolution
		HideSolutionNode = FALSE
	EndGlobalSection
	GlobalSection(ExtensibilityGlobals) = postSolution
		SolutionGuid = {E0EF8626-3EC4-45B8-B558-859A4A23F4D0}
	EndGlobalSection
EndGlobal
